{
  "requires": true,
  "lockfileVersion": 1,
  "dependencies": {
    "chart.js": {
      "version": "3.5.1",
      "resolved": "https://registry.npmjs.org/chart.js/-/chart.js-3.5.1.tgz",
      "integrity": "sha512-m5kzt72I1WQ9LILwQC4syla/LD/N413RYv2Dx2nnTkRS9iv/ey1xLTt0DnPc/eWV4zI+BgEgDYBIzbQhZHc/PQ=="
    },
    "chartjs-plugin-annotation": {
      "version": "1.0.2",
      "resolved": "https://registry.npmjs.org/chartjs-plugin-annotation/-/chartjs-plugin-annotation-1.0.2.tgz",
      "integrity": "sha512-asqP2/B+9tv105e3rwkzqoIgzhDBQRMzFRh/0ZTKqormxDXMP68uzxI5t3Fx8bxZSMNeEph0sY+0GIXXU0PeBQ=="
    }
  }
}
